
Microsoft Visual Studio Solution File, Format Version 12.00
# Visual Studio Version 17
VisualStudioVersion = 17.13.35919.96
MinimumVisualStudioVersion = 10.0.40219.1
Project("{8BC9CEB8-8B4A-11D0-8D11-00A0C91BC942}") = "DisasterPatrolModel", "DisasterPatrolModel\DisasterPatrolModel.vcxproj", "{EF4181A8-8849-8398-AEFE-D7B4FF6050C7}"
EndProject
Project("{8BC9CEB8-8B4A-11D0-8D11-00A0C91BC942}") = "DisasterPatrolConsoleApp", "DisasterPatrolConsoleApp\DisasterPatrolConsoleApp.vcxproj", "{956D3599-7D62-9874-1045-997C9FF26563}"
EndProject
Project("{8BC9CEB8-8B4A-11D0-8D11-00A0C91BC942}") = "MapeoEmergenciasGUI", "MapeoEmergenciasGUI\MapeoEmergenciasGUI.vcxproj", "{701EE0B4-0A55-98E3-40C5-59C658E4504D}"
EndProject
Global
	GlobalSection(SolutionConfigurationPlatforms) = preSolution
		Debug|x64 = Debug|x64
		Debug|x86 = Debug|x86
		Release|x64 = Release|x64
		Release|x86 = Release|x86
	EndGlobalSection
	GlobalSection(ProjectConfigurationPlatforms) = postSolution
		{EF4181A8-8849-8398-AEFE-D7B4FF6050C7}.Debug|x64.ActiveCfg = Debug|x64
		{EF4181A8-8849-8398-AEFE-D7B4FF6050C7}.Debug|x64.Build.0 = Debug|x64
		{EF4181A8-8849-8398-AEFE-D7B4FF6050C7}.Debug|x86.ActiveCfg = Debug|Win32
		{EF4181A8-8849-8398-AEFE-D7B4FF6050C7}.Debug|x86.Build.0 = Debug|Win32
		{EF4181A8-8849-8398-AEFE-D7B4FF6050C7}.Release|x64.ActiveCfg = Release|x64
		{EF4181A8-8849-8398-AEFE-D7B4FF6050C7}.Release|x64.Build.0 = Release|x64
		{EF4181A8-8849-8398-AEFE-D7B4FF6050C7}.Release|x86.ActiveCfg = Release|Win32
		{EF4181A8-8849-8398-AEFE-D7B4FF6050C7}.Release|x86.Build.0 = Release|Win32
		{956D3599-7D62-9874-1045-997C9FF26563}.Debug|x64.ActiveCfg = Debug|x64
		{956D3599-7D62-9874-1045-997C9FF26563}.Debug|x64.Build.0 = Debug|x64
		{956D3599-7D62-9874-1045-997C9FF26563}.Debug|x86.ActiveCfg = Debug|Win32
		{956D3599-7D62-9874-1045-997C9FF26563}.Debug|x86.Build.0 = Debug|Win32
		{956D3599-7D62-9874-1045-997C9FF26563}.Release|x64.ActiveCfg = Release|x64
		{956D3599-7D62-9874-1045-997C9FF26563}.Release|x64.Build.0 = Release|x64
		{956D3599-7D62-9874-1045-997C9FF26563}.Release|x86.ActiveCfg = Release|Win32
		{956D3599-7D62-9874-1045-997C9FF26563}.Release|x86.Build.0 = Release|Win32
		{701EE0B4-0A55-98E3-40C5-59C658E4504D}.Debug|x64.ActiveCfg = Debug|x64
		{701EE0B4-0A55-98E3-40C5-59C658E4504D}.Debug|x64.Build.0 = Debug|x64
		{701EE0B4-0A55-98E3-40C5-59C658E4504D}.Debug|x86.ActiveCfg = Debug|Win32
		{701EE0B4-0A55-98E3-40C5-59C658E4504D}.Debug|x86.Build.0 = Debug|Win32
		{701EE0B4-0A55-98E3-40C5-59C658E4504D}.Release|x64.ActiveCfg = Release|x64
		{701EE0B4-0A55-98E3-40C5-59C658E4504D}.Release|x64.Build.0 = Release|x64
		{701EE0B4-0A55-98E3-40C5-59C658E4504D}.Release|x86.ActiveCfg = Release|Win32
		{701EE0B4-0A55-98E3-40C5-59C658E4504D}.Release|x86.Build.0 = Release|Win32
	EndGlobalSection
	GlobalSection(SolutionProperties) = preSolution
		HideSolutionNode = FALSE
	EndGlobalSection
	GlobalSection(ExtensibilityGlobals) = postSolution
		SolutionGuid = {8BCE58A4-4641-44D5-88AF-EE55AFB304ED}
	EndGlobalSection
EndGlobal
